
Microsoft Visual Studio Solution File, Format Version 12.00
# Visual Studio Version 16
VisualStudioVersion = 16.0.29324.140
MinimumVisualStudioVersion = 10.0.40219.1
Project("{FAE04EC0-301F-11D3-BF4B-00C04F79EFBC}") = "Lista_EXE01", "Lista_EXE01.csproj", "{69C8F9E6-5408-4BB1-8A14-B2561AB75AE6}"
EndProject
Project("{FAE04EC0-301F-11D3-BF4B-00C04F79EFBC}") = "Lista_EXE02", "..\Lista_EXE02\Lista_EXE02.csproj", "{85C8AA9C-51BD-4617-B7CF-1E0A64236820}"
EndProject
Global
	GlobalSection(SolutionConfigurationPlatforms) = preSolution
		Debug|Any CPU = Debug|Any CPU
		Release|Any CPU = Release|Any CPU
	EndGlobalSection
	GlobalSection(ProjectConfigurationPlatforms) = postSolution
		{69C8F9E6-5408-4BB1-8A14-B2561AB75AE6}.Debug|Any CPU.ActiveCfg = Debug|Any CPU
		{69C8F9E6-5408-4BB1-8A14-B2561AB75AE6}.Debug|Any CPU.Build.0 = Debug|Any CPU
		{69C8F9E6-5408-4BB1-8A14-B2561AB75AE6}.Release|Any CPU.ActiveCfg = Release|Any CPU
		{69C8F9E6-5408-4BB1-8A14-B2561AB75AE6}.Release|Any CPU.Build.0 = Release|Any CPU
		{85C8AA9C-51BD-4617-B7CF-1E0A64236820}.Debug|Any CPU.ActiveCfg = Debug|Any CPU
		{85C8AA9C-51BD-4617-B7CF-1E0A64236820}.Debug|Any CPU.Build.0 = Debug|Any CPU
		{85C8AA9C-51BD-4617-B7CF-1E0A64236820}.Release|Any CPU.ActiveCfg = Release|Any CPU
		{85C8AA9C-51BD-4617-B7CF-1E0A64236820}.Release|Any CPU.Build.0 = Release|Any CPU
	EndGlobalSection
	GlobalSection(SolutionProperties) = preSolution
		HideSolutionNode = FALSE
	EndGlobalSection
	GlobalSection(ExtensibilityGlobals) = postSolution
		SolutionGuid = {67FE6CAE-898D-4379-BD49-FDAFC57B9BFB}
	EndGlobalSection
EndGlobal
