
Microsoft Visual Studio Solution File, Format Version 12.00
# Visual Studio Version 16
VisualStudioVersion = 16.0.29324.140
MinimumVisualStudioVersion = 10.0.40219.1
Project("{FAE04EC0-301F-11D3-BF4B-00C04F79EFBC}") = "ListEX07", "ListEX07.csproj", "{ED5D306B-3340-41EB-BD7E-456A98ECFAAB}"
EndProject
Global
	GlobalSection(SolutionConfigurationPlatforms) = preSolution
		Debug|Any CPU = Debug|Any CPU
		Release|Any CPU = Release|Any CPU
	EndGlobalSection
	GlobalSection(ProjectConfigurationPlatforms) = postSolution
		{ED5D306B-3340-41EB-BD7E-456A98ECFAAB}.Debug|Any CPU.ActiveCfg = Debug|Any CPU
		{ED5D306B-3340-41EB-BD7E-456A98ECFAAB}.Debug|Any CPU.Build.0 = Debug|Any CPU
		{ED5D306B-3340-41EB-BD7E-456A98ECFAAB}.Release|Any CPU.ActiveCfg = Release|Any CPU
		{ED5D306B-3340-41EB-BD7E-456A98ECFAAB}.Release|Any CPU.Build.0 = Release|Any CPU
	EndGlobalSection
	GlobalSection(SolutionProperties) = preSolution
		HideSolutionNode = FALSE
	EndGlobalSection
	GlobalSection(ExtensibilityGlobals) = postSolution
		SolutionGuid = {B680DC1E-EF31-4FE6-A610-4FD41B9BE937}
	EndGlobalSection
EndGlobal
