
Microsoft Visual Studio Solution File, Format Version 12.00
# Visual Studio Version 16
VisualStudioVersion = 16.0.29324.140
MinimumVisualStudioVersion = 10.0.40219.1
Project("{FAE04EC0-301F-11D3-BF4B-00C04F79EFBC}") = "List04EX01", "List04EX01.csproj", "{D971216C-ADD5-4AC8-9949-07A68A246C73}"
EndProject
Global
	GlobalSection(SolutionConfigurationPlatforms) = preSolution
		Debug|Any CPU = Debug|Any CPU
		Release|Any CPU = Release|Any CPU
	EndGlobalSection
	GlobalSection(ProjectConfigurationPlatforms) = postSolution
		{D971216C-ADD5-4AC8-9949-07A68A246C73}.Debug|Any CPU.ActiveCfg = Debug|Any CPU
		{D971216C-ADD5-4AC8-9949-07A68A246C73}.Debug|Any CPU.Build.0 = Debug|Any CPU
		{D971216C-ADD5-4AC8-9949-07A68A246C73}.Release|Any CPU.ActiveCfg = Release|Any CPU
		{D971216C-ADD5-4AC8-9949-07A68A246C73}.Release|Any CPU.Build.0 = Release|Any CPU
	EndGlobalSection
	GlobalSection(SolutionProperties) = preSolution
		HideSolutionNode = FALSE
	EndGlobalSection
	GlobalSection(ExtensibilityGlobals) = postSolution
		SolutionGuid = {B9F610D4-7DA8-44B3-B6C1-349F64034110}
	EndGlobalSection
EndGlobal
