
Microsoft Visual Studio Solution File, Format Version 12.00
# Visual Studio Version 16
VisualStudioVersion = 16.0.29324.140
MinimumVisualStudioVersion = 10.0.40219.1
Project("{FAE04EC0-301F-11D3-BF4B-00C04F79EFBC}") = "List04EX07", "List04EX07.csproj", "{A0822B82-9D88-415B-9567-347E8E0E648B}"
EndProject
Global
	GlobalSection(SolutionConfigurationPlatforms) = preSolution
		Debug|Any CPU = Debug|Any CPU
		Release|Any CPU = Release|Any CPU
	EndGlobalSection
	GlobalSection(ProjectConfigurationPlatforms) = postSolution
		{A0822B82-9D88-415B-9567-347E8E0E648B}.Debug|Any CPU.ActiveCfg = Debug|Any CPU
		{A0822B82-9D88-415B-9567-347E8E0E648B}.Debug|Any CPU.Build.0 = Debug|Any CPU
		{A0822B82-9D88-415B-9567-347E8E0E648B}.Release|Any CPU.ActiveCfg = Release|Any CPU
		{A0822B82-9D88-415B-9567-347E8E0E648B}.Release|Any CPU.Build.0 = Release|Any CPU
	EndGlobalSection
	GlobalSection(SolutionProperties) = preSolution
		HideSolutionNode = FALSE
	EndGlobalSection
	GlobalSection(ExtensibilityGlobals) = postSolution
		SolutionGuid = {4C91A539-E1B9-41EB-8655-2D9AA35CF8F6}
	EndGlobalSection
EndGlobal
